
Microsoft Visual Studio Solution File, Format Version 12.00
# Visual Studio 15
VisualStudioVersion = 15.0.26730.8
MinimumVisualStudioVersion = 10.0.40219.1
Project("{FAE04EC0-301F-11D3-BF4B-00C04F79EFBC}") = "Hans.DialogueEngine", "..\Hans.DialogueEngine\Hans.DialogueEngine\Hans.DialogueEngine.csproj", "{DB577F00-7AA6-489A-A4E0-6514CD8CBB3F}"
EndProject
Project("{FAE04EC0-301F-11D3-BF4B-00C04F79EFBC}") = "Hans.JSON", "Hans.JSON\Hans.JSON.csproj", "{29B9A20A-7F7C-42C0-8750-8E8BA323A19B}"
EndProject
Project("{FAE04EC0-301F-11D3-BF4B-00C04F79EFBC}") = "Hans.Extensions", "Hans.Extensions\Hans.Extensions.csproj", "{9BEA5EF0-6CE4-4212-A7B0-697868D6751A}"
EndProject
Project("{FAE04EC0-301F-11D3-BF4B-00C04F79EFBC}") = "Hans.Logging", "Hans.Logging\Hans.Logging.csproj", "{E5B52F6F-9C00-4F16-B270-E3B66CD8CE48}"
EndProject
Project("{2150E333-8FDC-42A3-9474-1A3956D46DE8}") = "Tests", "Tests", "{6EE6178A-0BAD-4D50-8CDA-B8A7E861AB59}"
EndProject
Project("{FAE04EC0-301F-11D3-BF4B-00C04F79EFBC}") = "Hans.Extensions.Test", "Tests\Hans.Extensions.Test\Hans.Extensions.Test.csproj", "{D10E1CF4-5548-4BF1-8949-EE1024C516F1}"
EndProject
Project("{FAE04EC0-301F-11D3-BF4B-00C04F79EFBC}") = "Hans.JSON.Test", "Tests\Hans.JSON.Test\Hans.JSON.Test.csproj", "{00C66C64-3A0D-40F1-95B6-15C400FFBD30}"
EndProject
Project("{FAE04EC0-301F-11D3-BF4B-00C04F79EFBC}") = "Hans.DependencyInjection", "Hans.DependencyInjection\Hans.DependencyInjection.csproj", "{9E2AEC3A-1F3F-4C05-B2AE-314BDA18A613}"
EndProject
Project("{FAE04EC0-301F-11D3-BF4B-00C04F79EFBC}") = "Hans.Logging.Test", "Tests\Hans.Logging.Test\Hans.Logging.Test.csproj", "{067C10A2-DFBF-422A-AB0C-880BAF7C8397}"
EndProject
Project("{FAE04EC0-301F-11D3-BF4B-00C04F79EFBC}") = "Hans.DependencyInjection.Test", "Tests\Hans.DependencyInjection.Test\Hans.DependencyInjection.Test.csproj", "{094A9715-5D1F-40CB-B7BE-D729CD0B927B}"
EndProject
Project("{2150E333-8FDC-42A3-9474-1A3956D46DE8}") = "DialogueEngine", "DialogueEngine", "{5EF56105-CD3F-45EC-9B07-9B4EABCED59E}"
EndProject
Project("{FAE04EC0-301F-11D3-BF4B-00C04F79EFBC}") = "Hans.DialogueEngine.Test", "Tests\DialogueEngine\Hans.DialogueEngine.Test\Hans.DialogueEngine.Test.csproj", "{2E0D8314-2304-4131-8514-DCA134E2701E}"
EndProject
Project("{FAE04EC0-301F-11D3-BF4B-00C04F79EFBC}") = "Hans.Inventory.Core", "Hans.Inventory.Core\Hans.Inventory.Core.csproj", "{8F405299-987C-4804-ADA1-A58126EEF44D}"
EndProject
Project("{2150E333-8FDC-42A3-9474-1A3956D46DE8}") = "Inventory", "Inventory", "{09081A25-9FBB-40B3-971D-3ED7085F21BF}"
EndProject
Project("{FAE04EC0-301F-11D3-BF4B-00C04F79EFBC}") = "Hans.Inventory.Core.Test", "Tests\Inventory\Hans.Inventory.Core.Testing\Hans.Inventory.Core.Test.csproj", "{C20667AB-14BE-42DF-9C7C-E597A65D89C4}"
EndProject
Project("{FAE04EC0-301F-11D3-BF4B-00C04F79EFBC}") = "Hans.Redis", "Hans.Redis\Hans.Redis.csproj", "{83DFCD21-FD5B-4D73-879C-E0142C3394F2}"
EndProject
Project("{FAE04EC0-301F-11D3-BF4B-00C04F79EFBC}") = "Hans.Redis.Test", "Tests\Hans.Redis.Test\Hans.Redis.Test.csproj", "{A0C25E6F-EDFD-4E7B-8450-87BC2BF440F4}"
EndProject
Project("{2150E333-8FDC-42A3-9474-1A3956D46DE8}") = "Damage System", "Damage System", "{08F59BC5-4E7B-4FB4-94F4-6E951257A549}"
EndProject
Project("{FAE04EC0-301F-11D3-BF4B-00C04F79EFBC}") = "Hans.DamageSystem", "Damage System\Hans.DamageSystem\Hans.DamageSystem.csproj", "{9F864B6D-A3D6-426C-BF02-5C55B6404EFA}"
EndProject
Global
	GlobalSection(SolutionConfigurationPlatforms) = preSolution
		Debug|Any CPU = Debug|Any CPU
		Debug|ARM = Debug|ARM
		Debug|x64 = Debug|x64
		Debug|x86 = Debug|x86
		Release|Any CPU = Release|Any CPU
		Release|ARM = Release|ARM
		Release|x64 = Release|x64
		Release|x86 = Release|x86
	EndGlobalSection
	GlobalSection(ProjectConfigurationPlatforms) = postSolution
		{DB577F00-7AA6-489A-A4E0-6514CD8CBB3F}.Debug|Any CPU.ActiveCfg = Debug|Any CPU
		{DB577F00-7AA6-489A-A4E0-6514CD8CBB3F}.Debug|Any CPU.Build.0 = Debug|Any CPU
		{DB577F00-7AA6-489A-A4E0-6514CD8CBB3F}.Debug|ARM.ActiveCfg = Debug|Any CPU
		{DB577F00-7AA6-489A-A4E0-6514CD8CBB3F}.Debug|ARM.Build.0 = Debug|Any CPU
		{DB577F00-7AA6-489A-A4E0-6514CD8CBB3F}.Debug|x64.ActiveCfg = Debug|Any CPU
		{DB577F00-7AA6-489A-A4E0-6514CD8CBB3F}.Debug|x64.Build.0 = Debug|Any CPU
		{DB577F00-7AA6-489A-A4E0-6514CD8CBB3F}.Debug|x86.ActiveCfg = Debug|Any CPU
		{DB577F00-7AA6-489A-A4E0-6514CD8CBB3F}.Debug|x86.Build.0 = Debug|Any CPU
		{DB577F00-7AA6-489A-A4E0-6514CD8CBB3F}.Release|Any CPU.ActiveCfg = Release|Any CPU
		{DB577F00-7AA6-489A-A4E0-6514CD8CBB3F}.Release|Any CPU.Build.0 = Release|Any CPU
		{DB577F00-7AA6-489A-A4E0-6514CD8CBB3F}.Release|ARM.ActiveCfg = Release|Any CPU
		{DB577F00-7AA6-489A-A4E0-6514CD8CBB3F}.Release|ARM.Build.0 = Release|Any CPU
		{DB577F00-7AA6-489A-A4E0-6514CD8CBB3F}.Release|x64.ActiveCfg = Release|Any CPU
		{DB577F00-7AA6-489A-A4E0-6514CD8CBB3F}.Release|x64.Build.0 = Release|Any CPU
		{DB577F00-7AA6-489A-A4E0-6514CD8CBB3F}.Release|x86.ActiveCfg = Release|Any CPU
		{DB577F00-7AA6-489A-A4E0-6514CD8CBB3F}.Release|x86.Build.0 = Release|Any CPU
		{29B9A20A-7F7C-42C0-8750-8E8BA323A19B}.Debug|Any CPU.ActiveCfg = Debug|Any CPU
		{29B9A20A-7F7C-42C0-8750-8E8BA323A19B}.Debug|Any CPU.Build.0 = Debug|Any CPU
		{29B9A20A-7F7C-42C0-8750-8E8BA323A19B}.Debug|ARM.ActiveCfg = Debug|Any CPU
		{29B9A20A-7F7C-42C0-8750-8E8BA323A19B}.Debug|ARM.Build.0 = Debug|Any CPU
		{29B9A20A-7F7C-42C0-8750-8E8BA323A19B}.Debug|x64.ActiveCfg = Debug|Any CPU
		{29B9A20A-7F7C-42C0-8750-8E8BA323A19B}.Debug|x64.Build.0 = Debug|Any CPU
		{29B9A20A-7F7C-42C0-8750-8E8BA323A19B}.Debug|x86.ActiveCfg = Debug|Any CPU
		{29B9A20A-7F7C-42C0-8750-8E8BA323A19B}.Debug|x86.Build.0 = Debug|Any CPU
		{29B9A20A-7F7C-42C0-8750-8E8BA323A19B}.Release|Any CPU.ActiveCfg = Release|Any CPU
		{29B9A20A-7F7C-42C0-8750-8E8BA323A19B}.Release|Any CPU.Build.0 = Release|Any CPU
		{29B9A20A-7F7C-42C0-8750-8E8BA323A19B}.Release|ARM.ActiveCfg = Release|Any CPU
		{29B9A20A-7F7C-42C0-8750-8E8BA323A19B}.Release|ARM.Build.0 = Release|Any CPU
		{29B9A20A-7F7C-42C0-8750-8E8BA323A19B}.Release|x64.ActiveCfg = Release|Any CPU
		{29B9A20A-7F7C-42C0-8750-8E8BA323A19B}.Release|x64.Build.0 = Release|Any CPU
		{29B9A20A-7F7C-42C0-8750-8E8BA323A19B}.Release|x86.ActiveCfg = Release|Any CPU
		{29B9A20A-7F7C-42C0-8750-8E8BA323A19B}.Release|x86.Build.0 = Release|Any CPU
		{9BEA5EF0-6CE4-4212-A7B0-697868D6751A}.Debug|Any CPU.ActiveCfg = Debug|Any CPU
		{9BEA5EF0-6CE4-4212-A7B0-697868D6751A}.Debug|Any CPU.Build.0 = Debug|Any CPU
		{9BEA5EF0-6CE4-4212-A7B0-697868D6751A}.Debug|ARM.ActiveCfg = Debug|Any CPU
		{9BEA5EF0-6CE4-4212-A7B0-697868D6751A}.Debug|ARM.Build.0 = Debug|Any CPU
		{9BEA5EF0-6CE4-4212-A7B0-697868D6751A}.Debug|x64.ActiveCfg = Debug|Any CPU
		{9BEA5EF0-6CE4-4212-A7B0-697868D6751A}.Debug|x64.Build.0 = Debug|Any CPU
		{9BEA5EF0-6CE4-4212-A7B0-697868D6751A}.Debug|x86.ActiveCfg = Debug|Any CPU
		{9BEA5EF0-6CE4-4212-A7B0-697868D6751A}.Debug|x86.Build.0 = Debug|Any CPU
		{9BEA5EF0-6CE4-4212-A7B0-697868D6751A}.Release|Any CPU.ActiveCfg = Release|Any CPU
		{9BEA5EF0-6CE4-4212-A7B0-697868D6751A}.Release|Any CPU.Build.0 = Release|Any CPU
		{9BEA5EF0-6CE4-4212-A7B0-697868D6751A}.Release|ARM.ActiveCfg = Release|Any CPU
		{9BEA5EF0-6CE4-4212-A7B0-697868D6751A}.Release|ARM.Build.0 = Release|Any CPU
		{9BEA5EF0-6CE4-4212-A7B0-697868D6751A}.Release|x64.ActiveCfg = Release|Any CPU
		{9BEA5EF0-6CE4-4212-A7B0-697868D6751A}.Release|x64.Build.0 = Release|Any CPU
		{9BEA5EF0-6CE4-4212-A7B0-697868D6751A}.Release|x86.ActiveCfg = Release|Any CPU
		{9BEA5EF0-6CE4-4212-A7B0-697868D6751A}.Release|x86.Build.0 = Release|Any CPU
		{E5B52F6F-9C00-4F16-B270-E3B66CD8CE48}.Debug|Any CPU.ActiveCfg = Debug|Any CPU
		{E5B52F6F-9C00-4F16-B270-E3B66CD8CE48}.Debug|Any CPU.Build.0 = Debug|Any CPU
		{E5B52F6F-9C00-4F16-B270-E3B66CD8CE48}.Debug|ARM.ActiveCfg = Debug|Any CPU
		{E5B52F6F-9C00-4F16-B270-E3B66CD8CE48}.Debug|ARM.Build.0 = Debug|Any CPU
		{E5B52F6F-9C00-4F16-B270-E3B66CD8CE48}.Debug|x64.ActiveCfg = Debug|Any CPU
		{E5B52F6F-9C00-4F16-B270-E3B66CD8CE48}.Debug|x64.Build.0 = Debug|Any CPU
		{E5B52F6F-9C00-4F16-B270-E3B66CD8CE48}.Debug|x86.ActiveCfg = Debug|Any CPU
		{E5B52F6F-9C00-4F16-B270-E3B66CD8CE48}.Debug|x86.Build.0 = Debug|Any CPU
		{E5B52F6F-9C00-4F16-B270-E3B66CD8CE48}.Release|Any CPU.ActiveCfg = Release|Any CPU
		{E5B52F6F-9C00-4F16-B270-E3B66CD8CE48}.Release|Any CPU.Build.0 = Release|Any CPU
		{E5B52F6F-9C00-4F16-B270-E3B66CD8CE48}.Release|ARM.ActiveCfg = Release|Any CPU
		{E5B52F6F-9C00-4F16-B270-E3B66CD8CE48}.Release|ARM.Build.0 = Release|Any CPU
		{E5B52F6F-9C00-4F16-B270-E3B66CD8CE48}.Release|x64.ActiveCfg = Release|Any CPU
		{E5B52F6F-9C00-4F16-B270-E3B66CD8CE48}.Release|x64.Build.0 = Release|Any CPU
		{E5B52F6F-9C00-4F16-B270-E3B66CD8CE48}.Release|x86.ActiveCfg = Release|Any CPU
		{E5B52F6F-9C00-4F16-B270-E3B66CD8CE48}.Release|x86.Build.0 = Release|Any CPU
		{D10E1CF4-5548-4BF1-8949-EE1024C516F1}.Debug|Any CPU.ActiveCfg = Debug|Any CPU
		{D10E1CF4-5548-4BF1-8949-EE1024C516F1}.Debug|Any CPU.Build.0 = Debug|Any CPU
		{D10E1CF4-5548-4BF1-8949-EE1024C516F1}.Debug|ARM.ActiveCfg = Debug|Any CPU
		{D10E1CF4-5548-4BF1-8949-EE1024C516F1}.Debug|ARM.Build.0 = Debug|Any CPU
		{D10E1CF4-5548-4BF1-8949-EE1024C516F1}.Debug|x64.ActiveCfg = Debug|Any CPU
		{D10E1CF4-5548-4BF1-8949-EE1024C516F1}.Debug|x64.Build.0 = Debug|Any CPU
		{D10E1CF4-5548-4BF1-8949-EE1024C516F1}.Debug|x86.ActiveCfg = Debug|Any CPU
		{D10E1CF4-5548-4BF1-8949-EE1024C516F1}.Debug|x86.Build.0 = Debug|Any CPU
		{D10E1CF4-5548-4BF1-8949-EE1024C516F1}.Release|Any CPU.ActiveCfg = Release|Any CPU
		{D10E1CF4-5548-4BF1-8949-EE1024C516F1}.Release|Any CPU.Build.0 = Release|Any CPU
		{D10E1CF4-5548-4BF1-8949-EE1024C516F1}.Release|ARM.ActiveCfg = Release|Any CPU
		{D10E1CF4-5548-4BF1-8949-EE1024C516F1}.Release|ARM.Build.0 = Release|Any CPU
		{D10E1CF4-5548-4BF1-8949-EE1024C516F1}.Release|x64.ActiveCfg = Release|Any CPU
		{D10E1CF4-5548-4BF1-8949-EE1024C516F1}.Release|x64.Build.0 = Release|Any CPU
		{D10E1CF4-5548-4BF1-8949-EE1024C516F1}.Release|x86.ActiveCfg = Release|Any CPU
		{D10E1CF4-5548-4BF1-8949-EE1024C516F1}.Release|x86.Build.0 = Release|Any CPU
		{00C66C64-3A0D-40F1-95B6-15C400FFBD30}.Debug|Any CPU.ActiveCfg = Debug|Any CPU
		{00C66C64-3A0D-40F1-95B6-15C400FFBD30}.Debug|Any CPU.Build.0 = Debug|Any CPU
		{00C66C64-3A0D-40F1-95B6-15C400FFBD30}.Debug|ARM.ActiveCfg = Debug|Any CPU
		{00C66C64-3A0D-40F1-95B6-15C400FFBD30}.Debug|ARM.Build.0 = Debug|Any CPU
		{00C66C64-3A0D-40F1-95B6-15C400FFBD30}.Debug|x64.ActiveCfg = Debug|Any CPU
		{00C66C64-3A0D-40F1-95B6-15C400FFBD30}.Debug|x64.Build.0 = Debug|Any CPU
		{00C66C64-3A0D-40F1-95B6-15C400FFBD30}.Debug|x86.ActiveCfg = Debug|Any CPU
		{00C66C64-3A0D-40F1-95B6-15C400FFBD30}.Debug|x86.Build.0 = Debug|Any CPU
		{00C66C64-3A0D-40F1-95B6-15C400FFBD30}.Release|Any CPU.ActiveCfg = Release|Any CPU
		{00C66C64-3A0D-40F1-95B6-15C400FFBD30}.Release|Any CPU.Build.0 = Release|Any CPU
		{00C66C64-3A0D-40F1-95B6-15C400FFBD30}.Release|ARM.ActiveCfg = Release|Any CPU
		{00C66C64-3A0D-40F1-95B6-15C400FFBD30}.Release|ARM.Build.0 = Release|Any CPU
		{00C66C64-3A0D-40F1-95B6-15C400FFBD30}.Release|x64.ActiveCfg = Release|Any CPU
		{00C66C64-3A0D-40F1-95B6-15C400FFBD30}.Release|x64.Build.0 = Release|Any CPU
		{00C66C64-3A0D-40F1-95B6-15C400FFBD30}.Release|x86.ActiveCfg = Release|Any CPU
		{00C66C64-3A0D-40F1-95B6-15C400FFBD30}.Release|x86.Build.0 = Release|Any CPU
		{9E2AEC3A-1F3F-4C05-B2AE-314BDA18A613}.Debug|Any CPU.ActiveCfg = Debug|Any CPU
		{9E2AEC3A-1F3F-4C05-B2AE-314BDA18A613}.Debug|Any CPU.Build.0 = Debug|Any CPU
		{9E2AEC3A-1F3F-4C05-B2AE-314BDA18A613}.Debug|ARM.ActiveCfg = Debug|Any CPU
		{9E2AEC3A-1F3F-4C05-B2AE-314BDA18A613}.Debug|ARM.Build.0 = Debug|Any CPU
		{9E2AEC3A-1F3F-4C05-B2AE-314BDA18A613}.Debug|x64.ActiveCfg = Debug|Any CPU
		{9E2AEC3A-1F3F-4C05-B2AE-314BDA18A613}.Debug|x64.Build.0 = Debug|Any CPU
		{9E2AEC3A-1F3F-4C05-B2AE-314BDA18A613}.Debug|x86.ActiveCfg = Debug|Any CPU
		{9E2AEC3A-1F3F-4C05-B2AE-314BDA18A613}.Debug|x86.Build.0 = Debug|Any CPU
		{9E2AEC3A-1F3F-4C05-B2AE-314BDA18A613}.Release|Any CPU.ActiveCfg = Release|Any CPU
		{9E2AEC3A-1F3F-4C05-B2AE-314BDA18A613}.Release|Any CPU.Build.0 = Release|Any CPU
		{9E2AEC3A-1F3F-4C05-B2AE-314BDA18A613}.Release|ARM.ActiveCfg = Release|Any CPU
		{9E2AEC3A-1F3F-4C05-B2AE-314BDA18A613}.Release|ARM.Build.0 = Release|Any CPU
		{9E2AEC3A-1F3F-4C05-B2AE-314BDA18A613}.Release|x64.ActiveCfg = Release|Any CPU
		{9E2AEC3A-1F3F-4C05-B2AE-314BDA18A613}.Release|x64.Build.0 = Release|Any CPU
		{9E2AEC3A-1F3F-4C05-B2AE-314BDA18A613}.Release|x86.ActiveCfg = Release|Any CPU
		{9E2AEC3A-1F3F-4C05-B2AE-314BDA18A613}.Release|x86.Build.0 = Release|Any CPU
		{067C10A2-DFBF-422A-AB0C-880BAF7C8397}.Debug|Any CPU.ActiveCfg = Debug|Any CPU
		{067C10A2-DFBF-422A-AB0C-880BAF7C8397}.Debug|Any CPU.Build.0 = Debug|Any CPU
		{067C10A2-DFBF-422A-AB0C-880BAF7C8397}.Debug|ARM.ActiveCfg = Debug|Any CPU
		{067C10A2-DFBF-422A-AB0C-880BAF7C8397}.Debug|ARM.Build.0 = Debug|Any CPU
		{067C10A2-DFBF-422A-AB0C-880BAF7C8397}.Debug|x64.ActiveCfg = Debug|Any CPU
		{067C10A2-DFBF-422A-AB0C-880BAF7C8397}.Debug|x64.Build.0 = Debug|Any CPU
		{067C10A2-DFBF-422A-AB0C-880BAF7C8397}.Debug|x86.ActiveCfg = Debug|Any CPU
		{067C10A2-DFBF-422A-AB0C-880BAF7C8397}.Debug|x86.Build.0 = Debug|Any CPU
		{067C10A2-DFBF-422A-AB0C-880BAF7C8397}.Release|Any CPU.ActiveCfg = Release|Any CPU
		{067C10A2-DFBF-422A-AB0C-880BAF7C8397}.Release|Any CPU.Build.0 = Release|Any CPU
		{067C10A2-DFBF-422A-AB0C-880BAF7C8397}.Release|ARM.ActiveCfg = Release|Any CPU
		{067C10A2-DFBF-422A-AB0C-880BAF7C8397}.Release|ARM.Build.0 = Release|Any CPU
		{067C10A2-DFBF-422A-AB0C-880BAF7C8397}.Release|x64.ActiveCfg = Release|Any CPU
		{067C10A2-DFBF-422A-AB0C-880BAF7C8397}.Release|x64.Build.0 = Release|Any CPU
		{067C10A2-DFBF-422A-AB0C-880BAF7C8397}.Release|x86.ActiveCfg = Release|Any CPU
		{067C10A2-DFBF-422A-AB0C-880BAF7C8397}.Release|x86.Build.0 = Release|Any CPU
		{094A9715-5D1F-40CB-B7BE-D729CD0B927B}.Debug|Any CPU.ActiveCfg = Debug|Any CPU
		{094A9715-5D1F-40CB-B7BE-D729CD0B927B}.Debug|Any CPU.Build.0 = Debug|Any CPU
		{094A9715-5D1F-40CB-B7BE-D729CD0B927B}.Debug|ARM.ActiveCfg = Debug|Any CPU
		{094A9715-5D1F-40CB-B7BE-D729CD0B927B}.Debug|ARM.Build.0 = Debug|Any CPU
		{094A9715-5D1F-40CB-B7BE-D729CD0B927B}.Debug|x64.ActiveCfg = Debug|Any CPU
		{094A9715-5D1F-40CB-B7BE-D729CD0B927B}.Debug|x64.Build.0 = Debug|Any CPU
		{094A9715-5D1F-40CB-B7BE-D729CD0B927B}.Debug|x86.ActiveCfg = Debug|Any CPU
		{094A9715-5D1F-40CB-B7BE-D729CD0B927B}.Debug|x86.Build.0 = Debug|Any CPU
		{094A9715-5D1F-40CB-B7BE-D729CD0B927B}.Release|Any CPU.ActiveCfg = Release|Any CPU
		{094A9715-5D1F-40CB-B7BE-D729CD0B927B}.Release|Any CPU.Build.0 = Release|Any CPU
		{094A9715-5D1F-40CB-B7BE-D729CD0B927B}.Release|ARM.ActiveCfg = Release|Any CPU
		{094A9715-5D1F-40CB-B7BE-D729CD0B927B}.Release|ARM.Build.0 = Release|Any CPU
		{094A9715-5D1F-40CB-B7BE-D729CD0B927B}.Release|x64.ActiveCfg = Release|Any CPU
		{094A9715-5D1F-40CB-B7BE-D729CD0B927B}.Release|x64.Build.0 = Release|Any CPU
		{094A9715-5D1F-40CB-B7BE-D729CD0B927B}.Release|x86.ActiveCfg = Release|Any CPU
		{094A9715-5D1F-40CB-B7BE-D729CD0B927B}.Release|x86.Build.0 = Release|Any CPU
		{2E0D8314-2304-4131-8514-DCA134E2701E}.Debug|Any CPU.ActiveCfg = Debug|Any CPU
		{2E0D8314-2304-4131-8514-DCA134E2701E}.Debug|Any CPU.Build.0 = Debug|Any CPU
		{2E0D8314-2304-4131-8514-DCA134E2701E}.Debug|ARM.ActiveCfg = Debug|Any CPU
		{2E0D8314-2304-4131-8514-DCA134E2701E}.Debug|ARM.Build.0 = Debug|Any CPU
		{2E0D8314-2304-4131-8514-DCA134E2701E}.Debug|x64.ActiveCfg = Debug|Any CPU
		{2E0D8314-2304-4131-8514-DCA134E2701E}.Debug|x64.Build.0 = Debug|Any CPU
		{2E0D8314-2304-4131-8514-DCA134E2701E}.Debug|x86.ActiveCfg = Debug|Any CPU
		{2E0D8314-2304-4131-8514-DCA134E2701E}.Debug|x86.Build.0 = Debug|Any CPU
		{2E0D8314-2304-4131-8514-DCA134E2701E}.Release|Any CPU.ActiveCfg = Release|Any CPU
		{2E0D8314-2304-4131-8514-DCA134E2701E}.Release|Any CPU.Build.0 = Release|Any CPU
		{2E0D8314-2304-4131-8514-DCA134E2701E}.Release|ARM.ActiveCfg = Release|Any CPU
		{2E0D8314-2304-4131-8514-DCA134E2701E}.Release|ARM.Build.0 = Release|Any CPU
		{2E0D8314-2304-4131-8514-DCA134E2701E}.Release|x64.ActiveCfg = Release|Any CPU
		{2E0D8314-2304-4131-8514-DCA134E2701E}.Release|x64.Build.0 = Release|Any CPU
		{2E0D8314-2304-4131-8514-DCA134E2701E}.Release|x86.ActiveCfg = Release|Any CPU
		{2E0D8314-2304-4131-8514-DCA134E2701E}.Release|x86.Build.0 = Release|Any CPU
		{8F405299-987C-4804-ADA1-A58126EEF44D}.Debug|Any CPU.ActiveCfg = Debug|Any CPU
		{8F405299-987C-4804-ADA1-A58126EEF44D}.Debug|Any CPU.Build.0 = Debug|Any CPU
		{8F405299-987C-4804-ADA1-A58126EEF44D}.Debug|ARM.ActiveCfg = Debug|Any CPU
		{8F405299-987C-4804-ADA1-A58126EEF44D}.Debug|ARM.Build.0 = Debug|Any CPU
		{8F405299-987C-4804-ADA1-A58126EEF44D}.Debug|x64.ActiveCfg = Debug|Any CPU
		{8F405299-987C-4804-ADA1-A58126EEF44D}.Debug|x64.Build.0 = Debug|Any CPU
		{8F405299-987C-4804-ADA1-A58126EEF44D}.Debug|x86.ActiveCfg = Debug|Any CPU
		{8F405299-987C-4804-ADA1-A58126EEF44D}.Debug|x86.Build.0 = Debug|Any CPU
		{8F405299-987C-4804-ADA1-A58126EEF44D}.Release|Any CPU.ActiveCfg = Release|Any CPU
		{8F405299-987C-4804-ADA1-A58126EEF44D}.Release|Any CPU.Build.0 = Release|Any CPU
		{8F405299-987C-4804-ADA1-A58126EEF44D}.Release|ARM.ActiveCfg = Release|Any CPU
		{8F405299-987C-4804-ADA1-A58126EEF44D}.Release|ARM.Build.0 = Release|Any CPU
		{8F405299-987C-4804-ADA1-A58126EEF44D}.Release|x64.ActiveCfg = Release|Any CPU
		{8F405299-987C-4804-ADA1-A58126EEF44D}.Release|x64.Build.0 = Release|Any CPU
		{8F405299-987C-4804-ADA1-A58126EEF44D}.Release|x86.ActiveCfg = Release|Any CPU
		{8F405299-987C-4804-ADA1-A58126EEF44D}.Release|x86.Build.0 = Release|Any CPU
		{C20667AB-14BE-42DF-9C7C-E597A65D89C4}.Debug|Any CPU.ActiveCfg = Debug|Any CPU
		{C20667AB-14BE-42DF-9C7C-E597A65D89C4}.Debug|Any CPU.Build.0 = Debug|Any CPU
		{C20667AB-14BE-42DF-9C7C-E597A65D89C4}.Debug|ARM.ActiveCfg = Debug|Any CPU
		{C20667AB-14BE-42DF-9C7C-E597A65D89C4}.Debug|ARM.Build.0 = Debug|Any CPU
		{C20667AB-14BE-42DF-9C7C-E597A65D89C4}.Debug|x64.ActiveCfg = Debug|Any CPU
		{C20667AB-14BE-42DF-9C7C-E597A65D89C4}.Debug|x64.Build.0 = Debug|Any CPU
		{C20667AB-14BE-42DF-9C7C-E597A65D89C4}.Debug|x86.ActiveCfg = Debug|Any CPU
		{C20667AB-14BE-42DF-9C7C-E597A65D89C4}.Debug|x86.Build.0 = Debug|Any CPU
		{C20667AB-14BE-42DF-9C7C-E597A65D89C4}.Release|Any CPU.ActiveCfg = Release|Any CPU
		{C20667AB-14BE-42DF-9C7C-E597A65D89C4}.Release|Any CPU.Build.0 = Release|Any CPU
		{C20667AB-14BE-42DF-9C7C-E597A65D89C4}.Release|ARM.ActiveCfg = Release|Any CPU
		{C20667AB-14BE-42DF-9C7C-E597A65D89C4}.Release|ARM.Build.0 = Release|Any CPU
		{C20667AB-14BE-42DF-9C7C-E597A65D89C4}.Release|x64.ActiveCfg = Release|Any CPU
		{C20667AB-14BE-42DF-9C7C-E597A65D89C4}.Release|x64.Build.0 = Release|Any CPU
		{C20667AB-14BE-42DF-9C7C-E597A65D89C4}.Release|x86.ActiveCfg = Release|Any CPU
		{C20667AB-14BE-42DF-9C7C-E597A65D89C4}.Release|x86.Build.0 = Release|Any CPU
		{83DFCD21-FD5B-4D73-879C-E0142C3394F2}.Debug|Any CPU.ActiveCfg = Debug|Any CPU
		{83DFCD21-FD5B-4D73-879C-E0142C3394F2}.Debug|Any CPU.Build.0 = Debug|Any CPU
		{83DFCD21-FD5B-4D73-879C-E0142C3394F2}.Debug|ARM.ActiveCfg = Debug|Any CPU
		{83DFCD21-FD5B-4D73-879C-E0142C3394F2}.Debug|ARM.Build.0 = Debug|Any CPU
		{83DFCD21-FD5B-4D73-879C-E0142C3394F2}.Debug|x64.ActiveCfg = Debug|Any CPU
		{83DFCD21-FD5B-4D73-879C-E0142C3394F2}.Debug|x64.Build.0 = Debug|Any CPU
		{83DFCD21-FD5B-4D73-879C-E0142C3394F2}.Debug|x86.ActiveCfg = Debug|Any CPU
		{83DFCD21-FD5B-4D73-879C-E0142C3394F2}.Debug|x86.Build.0 = Debug|Any CPU
		{83DFCD21-FD5B-4D73-879C-E0142C3394F2}.Release|Any CPU.ActiveCfg = Release|Any CPU
		{83DFCD21-FD5B-4D73-879C-E0142C3394F2}.Release|Any CPU.Build.0 = Release|Any CPU
		{83DFCD21-FD5B-4D73-879C-E0142C3394F2}.Release|ARM.ActiveCfg = Release|Any CPU
		{83DFCD21-FD5B-4D73-879C-E0142C3394F2}.Release|ARM.Build.0 = Release|Any CPU
		{83DFCD21-FD5B-4D73-879C-E0142C3394F2}.Release|x64.ActiveCfg = Release|Any CPU
		{83DFCD21-FD5B-4D73-879C-E0142C3394F2}.Release|x64.Build.0 = Release|Any CPU
		{83DFCD21-FD5B-4D73-879C-E0142C3394F2}.Release|x86.ActiveCfg = Release|Any CPU
		{83DFCD21-FD5B-4D73-879C-E0142C3394F2}.Release|x86.Build.0 = Release|Any CPU
		{A0C25E6F-EDFD-4E7B-8450-87BC2BF440F4}.Debug|Any CPU.ActiveCfg = Debug|Any CPU
		{A0C25E6F-EDFD-4E7B-8450-87BC2BF440F4}.Debug|Any CPU.Build.0 = Debug|Any CPU
		{A0C25E6F-EDFD-4E7B-8450-87BC2BF440F4}.Debug|ARM.ActiveCfg = Debug|Any CPU
		{A0C25E6F-EDFD-4E7B-8450-87BC2BF440F4}.Debug|ARM.Build.0 = Debug|Any CPU
		{A0C25E6F-EDFD-4E7B-8450-87BC2BF440F4}.Debug|x64.ActiveCfg = Debug|Any CPU
		{A0C25E6F-EDFD-4E7B-8450-87BC2BF440F4}.Debug|x64.Build.0 = Debug|Any CPU
		{A0C25E6F-EDFD-4E7B-8450-87BC2BF440F4}.Debug|x86.ActiveCfg = Debug|Any CPU
		{A0C25E6F-EDFD-4E7B-8450-87BC2BF440F4}.Debug|x86.Build.0 = Debug|Any CPU
		{A0C25E6F-EDFD-4E7B-8450-87BC2BF440F4}.Release|Any CPU.ActiveCfg = Release|Any CPU
		{A0C25E6F-EDFD-4E7B-8450-87BC2BF440F4}.Release|Any CPU.Build.0 = Release|Any CPU
		{A0C25E6F-EDFD-4E7B-8450-87BC2BF440F4}.Release|ARM.ActiveCfg = Release|Any CPU
		{A0C25E6F-EDFD-4E7B-8450-87BC2BF440F4}.Release|ARM.Build.0 = Release|Any CPU
		{A0C25E6F-EDFD-4E7B-8450-87BC2BF440F4}.Release|x64.ActiveCfg = Release|Any CPU
		{A0C25E6F-EDFD-4E7B-8450-87BC2BF440F4}.Release|x64.Build.0 = Release|Any CPU
		{A0C25E6F-EDFD-4E7B-8450-87BC2BF440F4}.Release|x86.ActiveCfg = Release|Any CPU
		{A0C25E6F-EDFD-4E7B-8450-87BC2BF440F4}.Release|x86.Build.0 = Release|Any CPU
		{9F864B6D-A3D6-426C-BF02-5C55B6404EFA}.Debug|Any CPU.ActiveCfg = Debug|Any CPU
		{9F864B6D-A3D6-426C-BF02-5C55B6404EFA}.Debug|Any CPU.Build.0 = Debug|Any CPU
		{9F864B6D-A3D6-426C-BF02-5C55B6404EFA}.Debug|ARM.ActiveCfg = Debug|Any CPU
		{9F864B6D-A3D6-426C-BF02-5C55B6404EFA}.Debug|ARM.Build.0 = Debug|Any CPU
		{9F864B6D-A3D6-426C-BF02-5C55B6404EFA}.Debug|x64.ActiveCfg = Debug|Any CPU
		{9F864B6D-A3D6-426C-BF02-5C55B6404EFA}.Debug|x64.Build.0 = Debug|Any CPU
		{9F864B6D-A3D6-426C-BF02-5C55B6404EFA}.Debug|x86.ActiveCfg = Debug|Any CPU
		{9F864B6D-A3D6-426C-BF02-5C55B6404EFA}.Debug|x86.Build.0 = Debug|Any CPU
		{9F864B6D-A3D6-426C-BF02-5C55B6404EFA}.Release|Any CPU.ActiveCfg = Release|Any CPU
		{9F864B6D-A3D6-426C-BF02-5C55B6404EFA}.Release|Any CPU.Build.0 = Release|Any CPU
		{9F864B6D-A3D6-426C-BF02-5C55B6404EFA}.Release|ARM.ActiveCfg = Release|Any CPU
		{9F864B6D-A3D6-426C-BF02-5C55B6404EFA}.Release|ARM.Build.0 = Release|Any CPU
		{9F864B6D-A3D6-426C-BF02-5C55B6404EFA}.Release|x64.ActiveCfg = Release|Any CPU
		{9F864B6D-A3D6-426C-BF02-5C55B6404EFA}.Release|x64.Build.0 = Release|Any CPU
		{9F864B6D-A3D6-426C-BF02-5C55B6404EFA}.Release|x86.ActiveCfg = Release|Any CPU
		{9F864B6D-A3D6-426C-BF02-5C55B6404EFA}.Release|x86.Build.0 = Release|Any CPU
	EndGlobalSection
	GlobalSection(SolutionProperties) = preSolution
		HideSolutionNode = FALSE
	EndGlobalSection
	GlobalSection(NestedProjects) = preSolution
		{D10E1CF4-5548-4BF1-8949-EE1024C516F1} = {6EE6178A-0BAD-4D50-8CDA-B8A7E861AB59}
		{00C66C64-3A0D-40F1-95B6-15C400FFBD30} = {6EE6178A-0BAD-4D50-8CDA-B8A7E861AB59}
		{067C10A2-DFBF-422A-AB0C-880BAF7C8397} = {6EE6178A-0BAD-4D50-8CDA-B8A7E861AB59}
		{094A9715-5D1F-40CB-B7BE-D729CD0B927B} = {6EE6178A-0BAD-4D50-8CDA-B8A7E861AB59}
		{5EF56105-CD3F-45EC-9B07-9B4EABCED59E} = {6EE6178A-0BAD-4D50-8CDA-B8A7E861AB59}
		{2E0D8314-2304-4131-8514-DCA134E2701E} = {5EF56105-CD3F-45EC-9B07-9B4EABCED59E}
		{09081A25-9FBB-40B3-971D-3ED7085F21BF} = {6EE6178A-0BAD-4D50-8CDA-B8A7E861AB59}
		{C20667AB-14BE-42DF-9C7C-E597A65D89C4} = {09081A25-9FBB-40B3-971D-3ED7085F21BF}
		{A0C25E6F-EDFD-4E7B-8450-87BC2BF440F4} = {6EE6178A-0BAD-4D50-8CDA-B8A7E861AB59}
		{9F864B6D-A3D6-426C-BF02-5C55B6404EFA} = {08F59BC5-4E7B-4FB4-94F4-6E951257A549}
	EndGlobalSection
	GlobalSection(ExtensibilityGlobals) = postSolution
		SolutionGuid = {F9EFAE5A-D879-4EF6-AACC-BEBEA9DB7D22}
	EndGlobalSection
EndGlobal
